
Microsoft Visual Studio Solution File, Format Version 12.00
# Visual Studio Version 17
VisualStudioVersion = 17.10.34916.146
MinimumVisualStudioVersion = 10.0.40219.1
Project("{FAE04EC0-301F-11D3-BF4B-00C04F79EFBC}") = "SY22_PRRPRR02_03_Repetition_3", "SY22_PRRPRR02_03_Repetition_3\SY22_PRRPRR02_03_Repetition_3.csproj", "{AB3865F2-BA44-4CD3-88E5-A678BF438D0C}"
EndProject
Global
	GlobalSection(SolutionConfigurationPlatforms) = preSolution
		Debug|Any CPU = Debug|Any CPU
		Release|Any CPU = Release|Any CPU
	EndGlobalSection
	GlobalSection(ProjectConfigurationPlatforms) = postSolution
		{AB3865F2-BA44-4CD3-88E5-A678BF438D0C}.Debug|Any CPU.ActiveCfg = Debug|Any CPU
		{AB3865F2-BA44-4CD3-88E5-A678BF438D0C}.Debug|Any CPU.Build.0 = Debug|Any CPU
		{AB3865F2-BA44-4CD3-88E5-A678BF438D0C}.Release|Any CPU.ActiveCfg = Release|Any CPU
		{AB3865F2-BA44-4CD3-88E5-A678BF438D0C}.Release|Any CPU.Build.0 = Release|Any CPU
	EndGlobalSection
	GlobalSection(SolutionProperties) = preSolution
		HideSolutionNode = FALSE
	EndGlobalSection
	GlobalSection(ExtensibilityGlobals) = postSolution
		SolutionGuid = {087BE884-28B9-42A0-A4AE-95B9D8D3C633}
	EndGlobalSection
EndGlobal
